
Microsoft Visual Studio Solution File, Format Version 12.00
# Visual Studio Version 16
VisualStudioVersion = 16.0.31605.320
MinimumVisualStudioVersion = 10.0.40219.1
Project("{FAE04EC0-301F-11D3-BF4B-00C04F79EFBC}") = "HerenciaTeoria", "HerenciaTeoria\HerenciaTeoria.csproj", "{12350038-4CE4-4801-B834-F4807A07DC59}"
EndProject
Global
	GlobalSection(SolutionConfigurationPlatforms) = preSolution
		Debug|Any CPU = Debug|Any CPU
		Release|Any CPU = Release|Any CPU
	EndGlobalSection
	GlobalSection(ProjectConfigurationPlatforms) = postSolution
		{12350038-4CE4-4801-B834-F4807A07DC59}.Debug|Any CPU.ActiveCfg = Debug|Any CPU
		{12350038-4CE4-4801-B834-F4807A07DC59}.Debug|Any CPU.Build.0 = Debug|Any CPU
		{12350038-4CE4-4801-B834-F4807A07DC59}.Release|Any CPU.ActiveCfg = Release|Any CPU
		{12350038-4CE4-4801-B834-F4807A07DC59}.Release|Any CPU.Build.0 = Release|Any CPU
	EndGlobalSection
	GlobalSection(SolutionProperties) = preSolution
		HideSolutionNode = FALSE
	EndGlobalSection
	GlobalSection(ExtensibilityGlobals) = postSolution
		SolutionGuid = {195D9ADA-FC3D-47A0-B368-12873DA28A8D}
	EndGlobalSection
EndGlobal
